// !$*UTF8*$!
{
	archiveVersion = 1;
	classes = {
	};
	objectVersion = 46;
	objects = {

/* Begin PBXBuildFile section */
		AECE5B781EC888C6000A6D3A /* AppDelegate.swift in Sources */ = {isa = PBXBuildFile; fileRef = AECE5B771EC888C6000A6D3A /* AppDelegate.swift */; };
		AECE5B7A1EC888C6000A6D3A /* ViewController.swift in Sources */ = {isa = PBXBuildFile; fileRef = AECE5B791EC888C6000A6D3A /* ViewController.swift */; };
		AECE5B7D1EC888C6000A6D3A /* Main.storyboard in Resources */ = {isa = PBXBuildFile; fileRef = AECE5B7B1EC888C6000A6D3A /* Main.storyboard */; };
		AECE5B7F1EC888C6000A6D3A /* Assets.xcassets in Resources */ = {isa = PBXBuildFile; fileRef = AECE5B7E1EC888C6000A6D3A /* Assets.xcassets */; };
		AECE5B821EC888C6000A6D3A /* LaunchScreen.storyboard in Resources */ = {isa = PBXBuildFile; fileRef = AECE5B801EC888C6000A6D3A /* LaunchScreen.storyboard */; };
		AECE5B8B1EC8A3E3000A6D3A /* AudioToolbox.framework in Frameworks */ = {isa = PBXBuildFile; fileRef = AECE5B8A1EC8A3E3000A6D3A /* AudioToolbox.framework */; };
/* End PBXBuildFile section */

/* Begin PBXFileReference section */
		AECE5B741EC888C6000A6D3A /* Magic-grid.app */ = {isa = PBXFileReference; explicitFileType = wrapper.application; includeInIndex = 0; path = "Magic-grid.app"; sourceTree = BUILT_PRODUCTS_DIR; };
		AECE5B771EC888C6000A6D3A /* AppDelegate.swift */ = {isa = PBXFileReference; lastKnownFileType = sourcecode.swift; path = AppDelegate.swift; sourceTree = "<group>"; };
		AECE5B791EC888C6000A6D3A /* ViewController.swift */ = {isa = PBXFileReference; lastKnownFileType = sourcecode.swift; path = ViewController.swift; sourceTree = "<group>"; };
		AECE5B7C1EC888C6000A6D3A /* Base */ = {isa = PBXFileReference; lastKnownFileType = file.storyboard; name = Base; path = Base.lproj/Main.storyboard; sourceTree = "<group>"; };
		AECE5B7E1EC888C6000A6D3A /* Assets.xcassets */ = {isa = PBXFileReference; lastKnownFileType = folder.assetcatalog; path = Assets.xcassets; sourceTree = "<group>"; };
		AECE5B811EC888C6000A6D3A /* Base */ = {isa = PBXFileReference; lastKnownFileType = file.storyboard; name = Base; path = Base.lproj/LaunchScreen.storyboard; sourceTree = "<group>"; };
		AECE5B831EC888C6000A6D3A /* Info.plist */ = {isa = PBXFileReference; lastKnownFileType = text.plist.xml; path = Info.plist; sourceTree = "<group>"; };
		AECE5B8A1EC8A3E3000A6D3A /* AudioToolbox.framework */ = {isa = PBXFileReference; lastKnownFileType = wrapper.framework; name = AudioToolbox.framework; path = System/Library/Frameworks/AudioToolbox.framework; sourceTree = SDKROOT; };
/* End PBXFileReference section */

/* Begin PBXFrameworksBuildPhase section */
		AECE5B711EC888C5000A6D3A /* Frameworks */ = {
			isa = PBXFrameworksBuildPhase;
			buildActionMask = 2147483647;
			files = (
				AECE5B8B1EC8A3E3000A6D3A /* AudioToolbox.framework in Frameworks */,
			);
			runOnlyForDeploymentPostprocessing = 0;
		};
/* End PBXFrameworksBuildPhase section */

/* Begin PBXGroup section */
		AECE5B6B1EC888C5000A6D3A = {
			isa = PBXGroup;
			children = (
				AECE5B761EC888C6000A6D3A /* Magic-grid */,
				AECE5B751EC888C6000A6D3A /* Products */,
				AECE5B891EC8A3E3000A6D3A /* Frameworks */,
			);
			sourceTree = "<group>";
		};
		AECE5B751EC888C6000A6D3A /* Products */ = {
			isa = PBXGroup;
			children = (
				AECE5B741EC888C6000A6D3A /* Magic-grid.app */,
			);
			name = Products;
			sourceTree = "<group>";
		};
		AECE5B761EC888C6000A6D3A /* Magic-grid */ = {
			isa = PBXGroup;
			children = (
				AECE5B771EC888C6000A6D3A /* AppDelegate.swift */,
				AECE5B791EC888C6000A6D3A /* ViewController.swift */,
				AECE5B7B1EC888C6000A6D3A /* Main.storyboard */,
				AECE5B7E1EC888C6000A6D3A /* Assets.xcassets */,
				AECE5B801EC888C6000A6D3A /* LaunchScreen.storyboard */,
				AECE5B831EC888C6000A6D3A /* Info.plist */,
			);
			path = "Magic-grid";
			sourceTree = "<group>";
		};
		AECE5B891EC8A3E3000A6D3A /* Frameworks */ = {
			isa = PBXGroup;
			children = (
				AECE5B8A1EC8A3E3000A6D3A /* AudioToolbox.framework */,
			);
			name = Frameworks;
			sourceTree = "<group>";
		};
/* End PBXGroup section */

/* Begin PBXNativeTarget section */
		AECE5B731EC888C5000A6D3A /* Magic-grid */ = {
			isa = PBXNativeTarget;
			buildConfigurationList = AECE5B861EC888C6000A6D3A /* Build configuration list for PBXNativeTarget "Magic-grid" */;
			buildPhases = (
				AECE5B701EC888C5000A6D3A /* Sources */,
				AECE5B711EC888C5000A6D3A /* Frameworks */,
				AECE5B721EC888C5000A6D3A /* Resources */,
			);
			buildRules = (
			);
			dependencies = (
			);
			name = "Magic-grid";
			productName = "Magic-grid";
			productReference = AECE5B741EC888C6000A6D3A /* Magic-grid.app */;
			productType = "com.apple.product-type.application";
		};
/* End PBXNativeTarget section */

/* Begin PBXProject section */
		AECE5B6C1EC888C5000A6D3A /* Project object */ = {
			isa = PBXProject;
			attributes = {
				LastSwiftUpdateCheck = 0830;
				LastUpgradeCheck = 0830;
				ORGANIZATIONNAME = Pavan;
				TargetAttributes = {
					AECE5B731EC888C5000A6D3A = {
						CreatedOnToolsVersion = 8.3.2;
						DevelopmentTeam = 3ENMMST297;
						ProvisioningStyle = Manual;
					};
				};
			};
			buildConfigurationList = AECE5B6F1EC888C5000A6D3A /* Build configuration list for PBXProject "Magic-grid" */;
			compatibilityVersion = "Xcode 3.2";
			developmentRegion = English;
			hasScannedForEncodings = 0;
			knownRegions = (
				en,
				Base,
			);
			mainGroup = AECE5B6B1EC888C5000A6D3A;
			productRefGroup = AECE5B751EC888C6000A6D3A /* Products */;
			projectDirPath = "";
			projectRoot = "";
			targets = (
				AECE5B731EC888C5000A6D3A /* Magic-grid */,
			);
		};
/* End PBXProject section */

/* Begin PBXResourcesBuildPhase section */
		AECE5B721EC888C5000A6D3A /* Resources */ = {
			isa = PBXResourcesBuildPhase;
			buildActionMask = 2147483647;
			files = (
				AECE5B821EC888C6000A6D3A /* LaunchScreen.storyboard in Resources */,
				AECE5B7F1EC888C6000A6D3A /* Assets.xcassets in Resources */,
				AECE5B7D1EC888C6000A6D3A /* Main.storyboard in Resources */,
			);
			runOnlyForDeploymentPostprocessing = 0;
		};
/* End PBXResourcesBuildPhase section */

/* Begin PBXSourcesBuildPhase section */
		AECE5B701EC888C5000A6D3A /* Sources */ = {
			isa = PBXSourcesBuildPhase;
			buildActionMask = 2147483647;
			files = (
				AECE5B7A1EC888C6000A6D3A /* ViewController.swift in Sources */,
				AECE5B781EC888C6000A6D3A /* AppDelegate.swift in Sources */,
			);
			runOnlyForDeploymentPostprocessing = 0;
		};
/* End PBXSourcesBuildPhase section */

/* Begin PBXVariantGroup section */
		AECE5B7B1EC888C6000A6D3A /* Main.storyboard */ = {
			isa = PBXVariantGroup;
			children = (
				AECE5B7C1EC888C6000A6D3A /* Base */,
			);
			name = Main.storyboard;
			sourceTree = "<group>";
		};
		AECE5B801EC888C6000A6D3A /* LaunchScreen.storyboard */ = {
			isa = PBXVariantGroup;
			children = (
				AECE5B811EC888C6000A6D3A /* Base */,
			);
			name = LaunchScreen.storyboard;
			sourceTree = "<group>";
		};
/* End PBXVariantGroup section */

/* Begin XCBuildConfiguration section */
		AECE5B841EC888C6000A6D3A /* Debug */ = {
			isa = XCBuildConfiguration;
			buildSettings = {
				ALWAYS_SEARCH_USER_PATHS = NO;
				CLANG_ANALYZER_NONNULL = YES;
				CLANG_ANALYZER_NUMBER_OBJECT_CONVERSION = YES_AGGRESSIVE;
				CLANG_CXX_LANGUAGE_STANDARD = "gnu++0x";
				CLANG_CXX_LIBRARY = "libc++";
				CLANG_ENABLE_MODULES = YES;
				CLANG_ENABLE_OBJC_ARC = YES;
				CLANG_WARN_BOOL_CONVERSION = YES;
				CLANG_WARN_CONSTANT_CONVERSION = YES;
				CLANG_WARN_DIRECT_OBJC_ISA_USAGE = YES_ERROR;
				CLANG_WARN_DOCUMENTATION_COMMENTS = YES;
				CLANG_WARN_EMPTY_BODY = YES;
				CLANG_WARN_ENUM_CONVERSION = YES;
				CLANG_WARN_INFINITE_RECURSION = YES;
				CLANG_WARN_INT_CONVERSION = YES;
				CLANG_WARN_OBJC_ROOT_CLASS = YES_ERROR;
				CLANG_WARN_SUSPICIOUS_MOVE = YES;
				CLANG_WARN_UNREACHABLE_CODE = YES;
				CLANG_WARN__DUPLICATE_METHOD_MATCH = YES;
				CODE_SIGN_IDENTITY = "iPhone Developer: Dharmandar Kumar (M45X2VM3JA)";
				"CODE_SIGN_IDENTITY[sdk=iphoneos*]" = "iPhone Developer: Dharmandar Kumar (M45X2VM3JA)";
				COPY_PHASE_STRIP = NO;
				DEBUG_INFORMATION_FORMAT = dwarf;
				DEVELOPMENT_TEAM = 3ENMMST297;
				ENABLE_STRICT_OBJC_MSGSEND = YES;
				ENABLE_TESTABILITY = YES;
				GCC_C_LANGUAGE_STANDARD = gnu99;
				GCC_DYNAMIC_NO_PIC = NO;
				GCC_NO_COMMON_BLOCKS = YES;
				GCC_OPTIMIZATION_LEVEL = 0;
				GCC_PREPROCESSOR_DEFINITIONS = (
					"DEBUG=1",
					"$(inherited)",
				);
				GCC_WARN_64_TO_32_BIT_CONVERSION = YES;
				GCC_WARN_ABOUT_RETURN_TYPE = YES_ERROR;
				GCC_WARN_UNDECLARED_SELECTOR = YES;
				GCC_WARN_UNINITIALIZED_AUTOS = YES_AGGRESSIVE;
				GCC_WARN_UNUSED_FUNCTION = YES;
				GCC_WARN_UNUSED_VARIABLE = YES;
				IPHONEOS_DEPLOYMENT_TARGET = 10.3;
				MTL_ENABLE_DEBUG_INFO = YES;
				ONLY_ACTIVE_ARCH = YES;
				PROVISIONING_PROFILE = "14d9552a-ebae-4ba3-adf1-d3058086e826";
				SDKROOT = iphoneos;
				SWIFT_ACTIVE_COMPILATION_CONDITIONS = DEBUG;
				SWIFT_OPTIMIZATION_LEVEL = "-Onone";
				TARGETED_DEVICE_FAMILY = "1,2";
			};
			name = Debug;
		};
		AECE5B851EC888C6000A6D3A /* Release */ = {
			isa = XCBuildConfiguration;
			buildSettings = {
				ALWAYS_SEARCH_USER_PATHS = NO;
				CLANG_ANALYZER_NONNULL = YES;
				CLANG_ANALYZER_NUMBER_OBJECT_CONVERSION = YES_AGGRESSIVE;
				CLANG_CXX_LANGUAGE_STANDARD = "gnu++0x";
				CLANG_CXX_LIBRARY = "libc++";
				CLANG_ENABLE_MODULES = YES;
				CLANG_ENABLE_OBJC_ARC = YES;
				CLANG_WARN_BOOL_CONVERSION = YES;
				CLANG_WARN_CONSTANT_CONVERSION = YES;
				CLANG_WARN_DIRECT_OBJC_ISA_USAGE = YES_ERROR;
				CLANG_WARN_DOCUMENTATION_COMMENTS = YES;
				CLANG_WARN_EMPTY_BODY = YES;
				CLANG_WARN_ENUM_CONVERSION = YES;
				CLANG_WARN_INFINITE_RECURSION = YES;
				CLANG_WARN_INT_CONVERSION = YES;
				CLANG_WARN_OBJC_ROOT_CLASS = YES_ERROR;
				CLANG_WARN_SUSPICIOUS_MOVE = YES;
				CLANG_WARN_UNREACHABLE_CODE = YES;
				CLANG_WARN__DUPLICATE_METHOD_MATCH = YES;
				CODE_SIGN_IDENTITY = "iPhone Developer: Dharmandar Kumar (M45X2VM3JA)";
				"CODE_SIGN_IDENTITY[sdk=iphoneos*]" = "iPhone Developer: Dharmandar Kumar (M45X2VM3JA)";
				COPY_PHASE_STRIP = NO;
				DEBUG_INFORMATION_FORMAT = "dwarf-with-dsym";
				DEVELOPMENT_TEAM = 3ENMMST297;
				ENABLE_NS_ASSERTIONS = NO;
				ENABLE_STRICT_OBJC_MSGSEND = YES;
				GCC_C_LANGUAGE_STANDARD = gnu99;
				GCC_NO_COMMON_BLOCKS = YES;
				GCC_WARN_64_TO_32_BIT_CONVERSION = YES;
				GCC_WARN_ABOUT_RETURN_TYPE = YES_ERROR;
				GCC_WARN_UNDECLARED_SELECTOR = YES;
				GCC_WARN_UNINITIALIZED_AUTOS = YES_AGGRESSIVE;
				GCC_WARN_UNUSED_FUNCTION = YES;
				GCC_WARN_UNUSED_VARIABLE = YES;
				IPHONEOS_DEPLOYMENT_TARGET = 10.3;
				MTL_ENABLE_DEBUG_INFO = NO;
				PROVISIONING_PROFILE = "14d9552a-ebae-4ba3-adf1-d3058086e826";
				SDKROOT = iphoneos;
				SWIFT_OPTIMIZATION_LEVEL = "-Owholemodule";
				TARGETED_DEVICE_FAMILY = "1,2";
				VALIDATE_PRODUCT = YES;
			};
			name = Release;
		};
		AECE5B871EC888C6000A6D3A /* Debug */ = {
			isa = XCBuildConfiguration;
			buildSettings = {
				ASSETCATALOG_COMPILER_APPICON_NAME = AppIcon;
				DEVELOPMENT_TEAM = 3ENMMST297;
				INFOPLIST_FILE = "Magic-grid/Info.plist";
				LD_RUNPATH_SEARCH_PATHS = "$(inherited) @executable_path/Frameworks";
				PRODUCT_BUNDLE_IDENTIFIER = "com.app.-";
				PRODUCT_NAME = "$(TARGET_NAME)";
				PROVISIONING_PROFILE = "14d9552a-ebae-4ba3-adf1-d3058086e826";
				PROVISIONING_PROFILE_SPECIFIER = test;
				SWIFT_VERSION = 3.0;
			};
			name = Debug;
		};
		AECE5B881EC888C6000A6D3A /* Release */ = {
			isa = XCBuildConfiguration;
			buildSettings = {
				ASSETCATALOG_COMPILER_APPICON_NAME = AppIcon;
				DEVELOPMENT_TEAM = "";
				INFOPLIST_FILE = "Magic-grid/Info.plist";
				LD_RUNPATH_SEARCH_PATHS = "$(inherited) @executable_path/Frameworks";
				PRODUCT_BUNDLE_IDENTIFIER = "com.app.-";
				PRODUCT_NAME = "$(TARGET_NAME)";
				PROVISIONING_PROFILE_SPECIFIER = "";
				SWIFT_VERSION = 3.0;
			};
			name = Release;
		};
/* End XCBuildConfiguration section */

/* Begin XCConfigurationList section */
		AECE5B6F1EC888C5000A6D3A /* Build configuration list for PBXProject "Magic-grid" */ = {
			isa = XCConfigurationList;
			buildConfigurations = (
				AECE5B841EC888C6000A6D3A /* Debug */,
				AECE5B851EC888C6000A6D3A /* Release */,
			);
			defaultConfigurationIsVisible = 0;
			defaultConfigurationName = Release;
		};
		AECE5B861EC888C6000A6D3A /* Build configuration list for PBXNativeTarget "Magic-grid" */ = {
			isa = XCConfigurationList;
			buildConfigurations = (
				AECE5B871EC888C6000A6D3A /* Debug */,
				AECE5B881EC888C6000A6D3A /* Release */,
			);
			defaultConfigurationIsVisible = 0;
			defaultConfigurationName = Release;
		};
/* End XCConfigurationList section */
	};
	rootObject = AECE5B6C1EC888C5000A6D3A /* Project object */;
}
